
Microsoft Visual Studio Solution File, Format Version 12.00
# Visual Studio 15
VisualStudioVersion = 15.0.27703.2047
MinimumVisualStudioVersion = 10.0.40219.1
Project("{8BC9CEB8-8B4A-11D0-8D11-00A0C91BC942}") = "DX12PlaygroundClean", "DX12PlaygroundClean\DX12PlaygroundClean.vcxproj", "{3809111C-91B4-48FD-8C91-AAF742E3B881}"
EndProject
Global
	GlobalSection(SolutionConfigurationPlatforms) = preSolution
		checked|x64 = checked|x64
		checked|x86 = checked|x86
		Debug|x64 = Debug|x64
		Debug|x86 = Debug|x86
		profile|x64 = profile|x64
		profile|x86 = profile|x86
		Release|x64 = Release|x64
		Release|x86 = Release|x86
	EndGlobalSection
	GlobalSection(ProjectConfigurationPlatforms) = postSolution
		{3809111C-91B4-48FD-8C91-AAF742E3B881}.checked|x64.ActiveCfg = Release|x64
		{3809111C-91B4-48FD-8C91-AAF742E3B881}.checked|x64.Build.0 = Release|x64
		{3809111C-91B4-48FD-8C91-AAF742E3B881}.checked|x86.ActiveCfg = Release|Win32
		{3809111C-91B4-48FD-8C91-AAF742E3B881}.checked|x86.Build.0 = Release|Win32
		{3809111C-91B4-48FD-8C91-AAF742E3B881}.Debug|x64.ActiveCfg = Debug|x64
		{3809111C-91B4-48FD-8C91-AAF742E3B881}.Debug|x64.Build.0 = Debug|x64
		{3809111C-91B4-48FD-8C91-AAF742E3B881}.Debug|x86.ActiveCfg = Debug|Win32
		{3809111C-91B4-48FD-8C91-AAF742E3B881}.Debug|x86.Build.0 = Debug|Win32
		{3809111C-91B4-48FD-8C91-AAF742E3B881}.profile|x64.ActiveCfg = Release|x64
		{3809111C-91B4-48FD-8C91-AAF742E3B881}.profile|x64.Build.0 = Release|x64
		{3809111C-91B4-48FD-8C91-AAF742E3B881}.profile|x86.ActiveCfg = Release|Win32
		{3809111C-91B4-48FD-8C91-AAF742E3B881}.profile|x86.Build.0 = Release|Win32
		{3809111C-91B4-48FD-8C91-AAF742E3B881}.Release|x64.ActiveCfg = Release|x64
		{3809111C-91B4-48FD-8C91-AAF742E3B881}.Release|x64.Build.0 = Release|x64
		{3809111C-91B4-48FD-8C91-AAF742E3B881}.Release|x86.ActiveCfg = Release|Win32
		{3809111C-91B4-48FD-8C91-AAF742E3B881}.Release|x86.Build.0 = Release|Win32
	EndGlobalSection
	GlobalSection(SolutionProperties) = preSolution
		HideSolutionNode = FALSE
	EndGlobalSection
	GlobalSection(ExtensibilityGlobals) = postSolution
		SolutionGuid = {BF0BCB04-8639-4691-BEB4-7519F65088F1}
	EndGlobalSection
EndGlobal
