<?xml version="1.0" encoding="utf-8"?>
<Project ToolsVersion="4.0" xmlns="http://schemas.microsoft.com/developer/msbuild/2003">
  <ItemGroup>
    <Filter Include="Quelldateien">
      <UniqueIdentifier>{4FC737F1-C7A5-4376-A066-2A32D752A2FF}</UniqueIdentifier>
      <Extensions>cpp;c;cc;cxx;def;odl;idl;hpj;bat;asm;asmx</Extensions>
    </Filter>
    <Filter Include="Headerdateien">
      <UniqueIdentifier>{93995380-89BD-4b04-88EB-625FBE52EBFB}</UniqueIdentifier>
      <Extensions>h;hh;hpp;hxx;hm;inl;inc;ipp;xsd</Extensions>
    </Filter>
    <Filter Include="Ressourcendateien">
      <UniqueIdentifier>{67DA6AB6-F800-4c08-8B7A-83BB121AAD01}</UniqueIdentifier>
      <Extensions>rc;ico;cur;bmp;dlg;rc2;rct;bin;rgs;gif;jpg;jpeg;jpe;resx;tiff;tif;png;wav;mfcribbon-ms</Extensions>
    </Filter>
  </ItemGroup>
  <ItemGroup>
    <ClCompile Include="main.cpp">
      <Filter>Quelldateien</Filter>
    </ClCompile>
    <ClCompile Include="Ext\imgui_impl_dx12.cpp">
      <Filter>Quelldateien</Filter>
    </ClCompile>
    <ClCompile Include="Ext\imgui_impl_win32.cpp">
      <Filter>Quelldateien</Filter>
    </ClCompile>
    <ClCompile Include="Ext\DDSTextureLoader.cpp">
      <Filter>Quelldateien</Filter>
    </ClCompile>
    <ClCompile Include="ECS\RenderSystem.cpp">
      <Filter>Quelldateien</Filter>
    </ClCompile>
    <ClCompile Include="OOP\GameObject.cpp">
      <Filter>Quelldateien</Filter>
    </ClCompile>
    <ClCompile Include="OOP\IComponent.cpp">
      <Filter>Quelldateien</Filter>
    </ClCompile>
    <ClCompile Include="OOP\Transform.cpp">
      <Filter>Quelldateien</Filter>
    </ClCompile>
    <ClCompile Include="OOP\Components.cpp">
      <Filter>Quelldateien</Filter>
    </ClCompile>
    <ClCompile Include="RenderCore\DX12Context.cpp">
      <Filter>Quelldateien</Filter>
    </ClCompile>
    <ClCompile Include="RenderCore\FrameResource.cpp">
      <Filter>Quelldateien</Filter>
    </ClCompile>
    <ClCompile Include="RenderCore\DXHelpers.cpp">
      <Filter>Quelldateien</Filter>
    </ClCompile>
    <ClCompile Include="Util\GeometryGenerator.cpp">
      <Filter>Quelldateien</Filter>
    </ClCompile>
    <ClCompile Include="Util\Timer.cpp">
      <Filter>Quelldateien</Filter>
    </ClCompile>
    <ClCompile Include="Util\Waves.cpp">
      <Filter>Quelldateien</Filter>
    </ClCompile>
    <ClCompile Include="RenderCore\TextureSystem.cpp">
      <Filter>Quelldateien</Filter>
    </ClCompile>
    <ClCompile Include="RenderCore\ShaderSystem.cpp">
      <Filter>Quelldateien</Filter>
    </ClCompile>
    <ClCompile Include="RenderCore\PSOSystem.cpp">
      <Filter>Quelldateien</Filter>
    </ClCompile>
    <ClCompile Include="RenderCore\MaterialSystem.cpp">
      <Filter>Quelldateien</Filter>
    </ClCompile>
    <ClCompile Include="RenderCore\GeometrySystem.cpp">
      <Filter>Quelldateien</Filter>
    </ClCompile>
    <ClCompile Include="RenderCore\FrameResourceSystem.cpp">
      <Filter>Quelldateien</Filter>
    </ClCompile>
    <ClCompile Include="RenderCore\DX12Renderer.cpp">
      <Filter>Quelldateien</Filter>
    </ClCompile>
    <ClCompile Include="ECS\FogSystem.cpp">
      <Filter>Quelldateien</Filter>
    </ClCompile>
    <ClCompile Include="ECS\CameraSystem.cpp">
      <Filter>Quelldateien</Filter>
    </ClCompile>
    <ClCompile Include="ECS\PositionSystem.cpp">
      <Filter>Quelldateien</Filter>
    </ClCompile>
    <ClCompile Include="ECS\ControllSystem.cpp">
      <Filter>Quelldateien</Filter>
    </ClCompile>
    <ClCompile Include="RenderCore\Shadowmap.cpp">
      <Filter>Quelldateien</Filter>
    </ClCompile>
    <ClCompile Include="ECS\LightSystem.cpp">
      <Filter>Quelldateien</Filter>
    </ClCompile>
  </ItemGroup>
  <ItemGroup>
    <ClInclude Include="Ext\d3dx12.h">
      <Filter>Headerdateien</Filter>
    </ClInclude>
    <ClInclude Include="Ext\imgui_impl_dx12.h">
      <Filter>Headerdateien</Filter>
    </ClInclude>
    <ClInclude Include="Ext\imgui_impl_win32.h">
      <Filter>Headerdateien</Filter>
    </ClInclude>
    <ClInclude Include="Ext\DDSTextureLoader.h">
      <Filter>Headerdateien</Filter>
    </ClInclude>
    <ClInclude Include="ECS\EntitySystem.h">
      <Filter>Headerdateien</Filter>
    </ClInclude>
    <ClInclude Include="ECS\RenderSystem.h">
      <Filter>Headerdateien</Filter>
    </ClInclude>
    <ClInclude Include="OOP\GameObject.h">
      <Filter>Headerdateien</Filter>
    </ClInclude>
    <ClInclude Include="OOP\IComponent.h">
      <Filter>Headerdateien</Filter>
    </ClInclude>
    <ClInclude Include="OOP\Transform.h">
      <Filter>Headerdateien</Filter>
    </ClInclude>
    <ClInclude Include="OOP\Components.h">
      <Filter>Headerdateien</Filter>
    </ClInclude>
    <ClInclude Include="RenderCore\DXData.h">
      <Filter>Headerdateien</Filter>
    </ClInclude>
    <ClInclude Include="RenderCore\DX12Context.h">
      <Filter>Headerdateien</Filter>
    </ClInclude>
    <ClInclude Include="RenderCore\FrameResource.h">
      <Filter>Headerdateien</Filter>
    </ClInclude>
    <ClInclude Include="RenderCore\DXHelpers.h">
      <Filter>Headerdateien</Filter>
    </ClInclude>
    <ClInclude Include="DataStructures\SimpleHashTable.h">
      <Filter>Headerdateien</Filter>
    </ClInclude>
    <ClInclude Include="DataStructures\DynamicArray.h">
      <Filter>Headerdateien</Filter>
    </ClInclude>
    <ClInclude Include="Util\GeometryGenerator.h">
      <Filter>Headerdateien</Filter>
    </ClInclude>
    <ClInclude Include="Util\Timer.h">
      <Filter>Headerdateien</Filter>
    </ClInclude>
    <ClInclude Include="Util\Waves.h">
      <Filter>Headerdateien</Filter>
    </ClInclude>
    <ClInclude Include="Core\Default.h">
      <Filter>Headerdateien</Filter>
    </ClInclude>
    <ClInclude Include="RenderCore\TextureSystem.h">
      <Filter>Headerdateien</Filter>
    </ClInclude>
    <ClInclude Include="RenderCore\ShaderSystem.h">
      <Filter>Headerdateien</Filter>
    </ClInclude>
    <ClInclude Include="RenderCore\PSOSystem.h">
      <Filter>Headerdateien</Filter>
    </ClInclude>
    <ClInclude Include="RenderCore\MaterialSystem.h">
      <Filter>Headerdateien</Filter>
    </ClInclude>
    <ClInclude Include="RenderCore\GeometrySystem.h">
      <Filter>Headerdateien</Filter>
    </ClInclude>
    <ClInclude Include="RenderCore\FrameResourceSystem.h">
      <Filter>Headerdateien</Filter>
    </ClInclude>
    <ClInclude Include="RenderCore\DX12Renderer.h">
      <Filter>Headerdateien</Filter>
    </ClInclude>
    <ClInclude Include="ECS\FogSystem.h">
      <Filter>Headerdateien</Filter>
    </ClInclude>
    <ClInclude Include="ECS\EnitityData.h">
      <Filter>Headerdateien</Filter>
    </ClInclude>
    <ClInclude Include="RenderCore\DXGPUResource.h">
      <Filter>Headerdateien</Filter>
    </ClInclude>
    <ClInclude Include="RenderCore\RootSignatureSystem.h">
      <Filter>Headerdateien</Filter>
    </ClInclude>
    <ClInclude Include="ECS\CameraSystem.h">
      <Filter>Headerdateien</Filter>
    </ClInclude>
    <ClInclude Include="ECS\PositionSystem.h">
      <Filter>Headerdateien</Filter>
    </ClInclude>
    <ClInclude Include="ECS\ControllSystem.h">
      <Filter>Headerdateien</Filter>
    </ClInclude>
    <ClInclude Include="RenderCore\Shadowmap.h">
      <Filter>Headerdateien</Filter>
    </ClInclude>
    <ClInclude Include="ECS\LightSystem.h">
      <Filter>Headerdateien</Filter>
    </ClInclude>
  </ItemGroup>
  <ItemGroup>
    <None Include="ClassDiagram.cd" />
  </ItemGroup>
  <ItemGroup>
    <FxCompile Include="Shaders\color.hlsl" />
    <FxCompile Include="Shaders\LightingUtil.hlsl" />
  </ItemGroup>
</Project>